
Microsoft Visual Studio Solution File, Format Version 12.00
# Visual Studio Version 17
VisualStudioVersion = 17.8.34408.163
MinimumVisualStudioVersion = 10.0.40219.1
Project("{FAE04EC0-301F-11D3-BF4B-00C04F79EFBC}") = "Project.Pos.Pizzeria.WebApi", "Project.Pos.Pizzeria\Project.Pos.Pizzeria.WebApi.csproj", "{6614672C-45A6-45B9-A4EE-1ED4814725A1}"
EndProject
Project("{FAE04EC0-301F-11D3-BF4B-00C04F79EFBC}") = "PosPizzeria.Framework.GenericRepository", "PosPizzeria.Framework.GenericRepository\PosPizzeria.Framework.GenericRepository.csproj", "{0D5E7466-044E-4ACE-9F58-6DD82896D1E2}"
EndProject
Global
	GlobalSection(SolutionConfigurationPlatforms) = preSolution
		Debug|Any CPU = Debug|Any CPU
		Release|Any CPU = Release|Any CPU
	EndGlobalSection
	GlobalSection(ProjectConfigurationPlatforms) = postSolution
		{6614672C-45A6-45B9-A4EE-1ED4814725A1}.Debug|Any CPU.ActiveCfg = Debug|Any CPU
		{6614672C-45A6-45B9-A4EE-1ED4814725A1}.Debug|Any CPU.Build.0 = Debug|Any CPU
		{6614672C-45A6-45B9-A4EE-1ED4814725A1}.Release|Any CPU.ActiveCfg = Release|Any CPU
		{6614672C-45A6-45B9-A4EE-1ED4814725A1}.Release|Any CPU.Build.0 = Release|Any CPU
		{0D5E7466-044E-4ACE-9F58-6DD82896D1E2}.Debug|Any CPU.ActiveCfg = Debug|Any CPU
		{0D5E7466-044E-4ACE-9F58-6DD82896D1E2}.Debug|Any CPU.Build.0 = Debug|Any CPU
		{0D5E7466-044E-4ACE-9F58-6DD82896D1E2}.Release|Any CPU.ActiveCfg = Release|Any CPU
		{0D5E7466-044E-4ACE-9F58-6DD82896D1E2}.Release|Any CPU.Build.0 = Release|Any CPU
	EndGlobalSection
	GlobalSection(SolutionProperties) = preSolution
		HideSolutionNode = FALSE
	EndGlobalSection
	GlobalSection(ExtensibilityGlobals) = postSolution
		SolutionGuid = {9B98DC43-41A2-4930-B177-E4CA09393DB7}
	EndGlobalSection
EndGlobal
